
Microsoft Visual Studio Solution File, Format Version 12.00
# Visual Studio Version 16
VisualStudioVersion = 25.0.1700.0
MinimumVisualStudioVersion = 10.0.40219.1
Project("{FAE04EC0-301F-11D3-BF4B-00C04F79EFBC}") = "Northwind", "Northwind.csproj", "{A6C00E9A-8E26-4EAA-AF51-3DF9BC03B5A9}"
EndProject
Global
	GlobalSection(SolutionConfigurationPlatforms) = preSolution
		Debug|Any CPU = Debug|Any CPU
		Release|Any CPU = Release|Any CPU
	EndGlobalSection
	GlobalSection(ProjectConfigurationPlatforms) = postSolution
		{A6C00E9A-8E26-4EAA-AF51-3DF9BC03B5A9}.Debug|Any CPU.ActiveCfg = Debug|Any CPU
		{A6C00E9A-8E26-4EAA-AF51-3DF9BC03B5A9}.Debug|Any CPU.Build.0 = Debug|Any CPU
		{A6C00E9A-8E26-4EAA-AF51-3DF9BC03B5A9}.Release|Any CPU.ActiveCfg = Release|Any CPU
		{A6C00E9A-8E26-4EAA-AF51-3DF9BC03B5A9}.Release|Any CPU.Build.0 = Release|Any CPU
	EndGlobalSection
	GlobalSection(SolutionProperties) = preSolution
		HideSolutionNode = FALSE
	EndGlobalSection
	GlobalSection(ExtensibilityGlobals) = postSolution
		SolutionGuid = {F5331870-5DB6-4371-A428-4FAC6D2CAACF}
	EndGlobalSection
EndGlobal
